{
  "name": "ellipses",
  "version": "0.0.1",
  "lockfileVersion": 1,
  "requires": true,
  "dependencies": {
    "functional-matrix": {
      "version": "0.1.0",
      "resolved": "https://registry.npmjs.org/functional-matrix/-/functional-matrix-0.1.0.tgz",
      "integrity": "sha1-6TrmcSGqjnb1WwZYUwN3tU8mxc8="
    },
    "jsfeat": {
      "version": "0.0.8",
      "resolved": "https://registry.npmjs.org/jsfeat/-/jsfeat-0.0.8.tgz",
      "integrity": "sha1-ese1mwneExSNnqybul7bPvWh6GI="
    }
  }
}
